
Microsoft Visual Studio Solution File, Format Version 12.00
# Visual Studio Version 17
VisualStudioVersion = 17.14.36203.30 d17.14
MinimumVisualStudioVersion = 10.0.40219.1
Project("{9A19103F-16F7-4668-BE54-9A1E7A4F7556}") = "Eshop.Domain", "src\Eshop.Domain\Eshop.Domain.csproj", "{554AD327-6DBA-4F8F-96F8-81CE7A0C863F}"
EndProject
Project("{9A19103F-16F7-4668-BE54-9A1E7A4F7556}") = "Eshop.Application", "src\Eshop.Application\Eshop.Application.csproj", "{1A94A50E-06DC-43C1-80B5-B662820EC3EB}"
EndProject
Project("{9A19103F-16F7-4668-BE54-9A1E7A4F7556}") = "Eshop.EntityFrameworkCore", "src\Eshop.EntityFrameworkCore\Eshop.EntityFrameworkCore.csproj", "{C956DD76-69C8-4A9C-83EA-D17DF83340FD}"
EndProject
Project("{2150E333-8FDC-42A3-9474-1A3956D46DE8}") = "src", "src", "{CA9AC87F-097E-4F15-8393-4BC07735A5B0}"
EndProject
Project("{2150E333-8FDC-42A3-9474-1A3956D46DE8}") = "test", "test", "{04DBDB01-70F4-4E06-B468-8F87850B22BE}"
EndProject
Project("{9A19103F-16F7-4668-BE54-9A1E7A4F7556}") = "Eshop.Application.Tests", "test\Eshop.Application.Tests\Eshop.Application.Tests.csproj", "{50B2631D-129C-47B3-A587-029CCD6099BC}"
EndProject
Project("{9A19103F-16F7-4668-BE54-9A1E7A4F7556}") = "Eshop.Domain.Shared", "src\Eshop.Domain.Shared\Eshop.Domain.Shared.csproj", "{42F719ED-8413-4895-B5B4-5AB56079BC66}"
EndProject
Project("{9A19103F-16F7-4668-BE54-9A1E7A4F7556}") = "Eshop.Application.Contracts", "src\Eshop.Application.Contracts\Eshop.Application.Contracts.csproj", "{520659C8-C734-4298-A3DA-B539DB9DFC0B}"
EndProject
Project("{9A19103F-16F7-4668-BE54-9A1E7A4F7556}") = "Eshop.HttpApi", "src\Eshop.HttpApi\Eshop.HttpApi.csproj", "{4164BDF7-F527-4E85-9CE6-E3C2D7426A27}"
EndProject
Project("{9A19103F-16F7-4668-BE54-9A1E7A4F7556}") = "Eshop.HttpApi.Client", "src\Eshop.HttpApi.Client\Eshop.HttpApi.Client.csproj", "{3B5A0094-670D-4BB1-BFDD-61B88A8773DC}"
EndProject
Project("{9A19103F-16F7-4668-BE54-9A1E7A4F7556}") = "Eshop.AuthServer", "src\Eshop.AuthServer\Eshop.AuthServer.csproj", "{073C361E-B8F4-49F5-93CC-72A3FF49C026}"
EndProject
Project("{9A19103F-16F7-4668-BE54-9A1E7A4F7556}") = "Eshop.HttpApi.Host", "src\Eshop.HttpApi.Host\Eshop.HttpApi.Host.csproj", "{E6D5BF0E-DE92-4D82-A352-EF04B37CB11C}"
EndProject
Project("{9A19103F-16F7-4668-BE54-9A1E7A4F7556}") = "Eshop.EntityFrameworkCore.Tests", "test\Eshop.EntityFrameworkCore.Tests\Eshop.EntityFrameworkCore.Tests.csproj", "{1FE30EB9-74A9-47F5-A9F6-7B1FAB672D81}"
EndProject
Project("{9A19103F-16F7-4668-BE54-9A1E7A4F7556}") = "Eshop.TestBase", "test\Eshop.TestBase\Eshop.TestBase.csproj", "{91853F21-9CD9-4132-BC29-A7D5D84FFFE7}"
EndProject
Project("{9A19103F-16F7-4668-BE54-9A1E7A4F7556}") = "Eshop.Domain.Tests", "test\Eshop.Domain.Tests\Eshop.Domain.Tests.csproj", "{E512F4D9-9375-480F-A2F6-A46509F9D824}"
EndProject
Project("{9A19103F-16F7-4668-BE54-9A1E7A4F7556}") = "Eshop.HttpApi.Client.ConsoleTestApp", "test\Eshop.HttpApi.Client.ConsoleTestApp\Eshop.HttpApi.Client.ConsoleTestApp.csproj", "{EF480016-9127-4916-8735-D2466BDBC582}"
EndProject
Project("{9A19103F-16F7-4668-BE54-9A1E7A4F7556}") = "Eshop.DbMigrator", "src\Eshop.DbMigrator\Eshop.DbMigrator.csproj", "{AA94D832-1CCC-4715-95A9-A483F23A1A5D}"
EndProject
Project("{2150E333-8FDC-42A3-9474-1A3956D46DE8}") = "admin", "admin", "{02EA681E-C7D8-13C7-8484-4AC65E1B71E8}"
EndProject
Project("{2150E333-8FDC-42A3-9474-1A3956D46DE8}") = "identity", "identity", "{89B3F850-6505-4F2C-98B2-26C1CF76FC90}"
EndProject
Project("{2150E333-8FDC-42A3-9474-1A3956D46DE8}") = "common", "common", "{0EE4CE52-5BA9-4B33-BBE5-88330BC79222}"
EndProject
Project("{2150E333-8FDC-42A3-9474-1A3956D46DE8}") = "infrastructure", "infrastructure", "{EC73CF05-3760-4F11-9AB6-CB7FA451ABE0}"
EndProject
Project("{2150E333-8FDC-42A3-9474-1A3956D46DE8}") = "domain", "domain", "{AC5710C1-DBB8-4C27-8F1B-A539F8ACDB0E}"
EndProject
Project("{2150E333-8FDC-42A3-9474-1A3956D46DE8}") = "public", "public", "{809ED515-81D2-49AE-850F-931566DAD5DA}"
EndProject
Project("{FAE04EC0-301F-11D3-BF4B-00C04F79EFBC}") = "Eshop.Admin.Application", "src\Eshop.Admin.Application\Eshop.Admin.Application.csproj", "{AD91C9C8-FA4D-087E-63B3-001B71C75D7F}"
EndProject
Project("{FAE04EC0-301F-11D3-BF4B-00C04F79EFBC}") = "Eshop.Admin.Application.Contracts", "src\Eshop.Admin.Application.Contracts\Eshop.Admin.Application.Contracts.csproj", "{E7696F30-961F-7A8B-F4F8-485C87BDF874}"
EndProject
Project("{FAE04EC0-301F-11D3-BF4B-00C04F79EFBC}") = "Eshop.Admin.HttpApi", "src\Eshop.Admin.HttpApi\Eshop.Admin.HttpApi.csproj", "{38D7FEFC-1BF2-1B88-B37B-6DBBA28B9570}"
EndProject
Project("{FAE04EC0-301F-11D3-BF4B-00C04F79EFBC}") = "Eshop.Admin.HttpApi.Client", "src\Eshop.Admin.HttpApi.Client\Eshop.Admin.HttpApi.Client.csproj", "{27CB8770-A73B-34E9-14FD-3850F6E82AEF}"
EndProject
Project("{FAE04EC0-301F-11D3-BF4B-00C04F79EFBC}") = "Eshop.Admin.HttpApi.Host", "src\Eshop.Admin.HttpApi.Host\Eshop.Admin.HttpApi.Host.csproj", "{0A73521F-7C9F-B3DA-E5B3-DBD7D53B5079}"
EndProject
Project("{2150E333-8FDC-42A3-9474-1A3956D46DE8}") = "public", "public", "{B36207CB-E570-49D1-BD0D-774F52F2E52A}"
EndProject
Project("{2150E333-8FDC-42A3-9474-1A3956D46DE8}") = "admin", "admin", "{D01E6A5D-867D-48D7-9EAC-C4D3D698BCC4}"
EndProject
Project("{FAE04EC0-301F-11D3-BF4B-00C04F79EFBC}") = "Eshop.Admin.Application.Tests", "test\Eshop.Admin.Application.Tests\Eshop.Admin.Application.Tests.csproj", "{2F1EE393-4450-74DF-F392-AB91C7719465}"
EndProject
Project("{FAE04EC0-301F-11D3-BF4B-00C04F79EFBC}") = "Eshop.Admin.HttpApi.Client.ConsoleTestApp", "test\Eshop.Admin.HttpApi.Client.ConsoleTestApp\Eshop.Admin.HttpApi.Client.ConsoleTestApp.csproj", "{B74948AE-8D80-6599-435F-BD3258CD44DD}"
EndProject
Project("{2150E333-8FDC-42A3-9474-1A3956D46DE8}") = "shared", "shared", "{54A27DF2-DD36-40B6-8EA6-E509246D0E97}"
EndProject
Global
	GlobalSection(SolutionConfigurationPlatforms) = preSolution
		Debug|Any CPU = Debug|Any CPU
		Release|Any CPU = Release|Any CPU
	EndGlobalSection
	GlobalSection(ProjectConfigurationPlatforms) = postSolution
		{554AD327-6DBA-4F8F-96F8-81CE7A0C863F}.Debug|Any CPU.ActiveCfg = Debug|Any CPU
		{554AD327-6DBA-4F8F-96F8-81CE7A0C863F}.Debug|Any CPU.Build.0 = Debug|Any CPU
		{554AD327-6DBA-4F8F-96F8-81CE7A0C863F}.Release|Any CPU.ActiveCfg = Release|Any CPU
		{554AD327-6DBA-4F8F-96F8-81CE7A0C863F}.Release|Any CPU.Build.0 = Release|Any CPU
		{1A94A50E-06DC-43C1-80B5-B662820EC3EB}.Debug|Any CPU.ActiveCfg = Debug|Any CPU
		{1A94A50E-06DC-43C1-80B5-B662820EC3EB}.Debug|Any CPU.Build.0 = Debug|Any CPU
		{1A94A50E-06DC-43C1-80B5-B662820EC3EB}.Release|Any CPU.ActiveCfg = Release|Any CPU
		{1A94A50E-06DC-43C1-80B5-B662820EC3EB}.Release|Any CPU.Build.0 = Release|Any CPU
		{C956DD76-69C8-4A9C-83EA-D17DF83340FD}.Debug|Any CPU.ActiveCfg = Debug|Any CPU
		{C956DD76-69C8-4A9C-83EA-D17DF83340FD}.Debug|Any CPU.Build.0 = Debug|Any CPU
		{C956DD76-69C8-4A9C-83EA-D17DF83340FD}.Release|Any CPU.ActiveCfg = Release|Any CPU
		{C956DD76-69C8-4A9C-83EA-D17DF83340FD}.Release|Any CPU.Build.0 = Release|Any CPU
		{50B2631D-129C-47B3-A587-029CCD6099BC}.Debug|Any CPU.ActiveCfg = Debug|Any CPU
		{50B2631D-129C-47B3-A587-029CCD6099BC}.Debug|Any CPU.Build.0 = Debug|Any CPU
		{50B2631D-129C-47B3-A587-029CCD6099BC}.Release|Any CPU.ActiveCfg = Release|Any CPU
		{50B2631D-129C-47B3-A587-029CCD6099BC}.Release|Any CPU.Build.0 = Release|Any CPU
		{42F719ED-8413-4895-B5B4-5AB56079BC66}.Debug|Any CPU.ActiveCfg = Debug|Any CPU
		{42F719ED-8413-4895-B5B4-5AB56079BC66}.Debug|Any CPU.Build.0 = Debug|Any CPU
		{42F719ED-8413-4895-B5B4-5AB56079BC66}.Release|Any CPU.ActiveCfg = Release|Any CPU
		{42F719ED-8413-4895-B5B4-5AB56079BC66}.Release|Any CPU.Build.0 = Release|Any CPU
		{520659C8-C734-4298-A3DA-B539DB9DFC0B}.Debug|Any CPU.ActiveCfg = Debug|Any CPU
		{520659C8-C734-4298-A3DA-B539DB9DFC0B}.Debug|Any CPU.Build.0 = Debug|Any CPU
		{520659C8-C734-4298-A3DA-B539DB9DFC0B}.Release|Any CPU.ActiveCfg = Release|Any CPU
		{520659C8-C734-4298-A3DA-B539DB9DFC0B}.Release|Any CPU.Build.0 = Release|Any CPU
		{4164BDF7-F527-4E85-9CE6-E3C2D7426A27}.Debug|Any CPU.ActiveCfg = Debug|Any CPU
		{4164BDF7-F527-4E85-9CE6-E3C2D7426A27}.Debug|Any CPU.Build.0 = Debug|Any CPU
		{4164BDF7-F527-4E85-9CE6-E3C2D7426A27}.Release|Any CPU.ActiveCfg = Release|Any CPU
		{4164BDF7-F527-4E85-9CE6-E3C2D7426A27}.Release|Any CPU.Build.0 = Release|Any CPU
		{3B5A0094-670D-4BB1-BFDD-61B88A8773DC}.Debug|Any CPU.ActiveCfg = Debug|Any CPU
		{3B5A0094-670D-4BB1-BFDD-61B88A8773DC}.Debug|Any CPU.Build.0 = Debug|Any CPU
		{3B5A0094-670D-4BB1-BFDD-61B88A8773DC}.Release|Any CPU.ActiveCfg = Release|Any CPU
		{3B5A0094-670D-4BB1-BFDD-61B88A8773DC}.Release|Any CPU.Build.0 = Release|Any CPU
		{073C361E-B8F4-49F5-93CC-72A3FF49C026}.Debug|Any CPU.ActiveCfg = Debug|Any CPU
		{073C361E-B8F4-49F5-93CC-72A3FF49C026}.Debug|Any CPU.Build.0 = Debug|Any CPU
		{073C361E-B8F4-49F5-93CC-72A3FF49C026}.Release|Any CPU.ActiveCfg = Release|Any CPU
		{073C361E-B8F4-49F5-93CC-72A3FF49C026}.Release|Any CPU.Build.0 = Release|Any CPU
		{E6D5BF0E-DE92-4D82-A352-EF04B37CB11C}.Debug|Any CPU.ActiveCfg = Debug|Any CPU
		{E6D5BF0E-DE92-4D82-A352-EF04B37CB11C}.Debug|Any CPU.Build.0 = Debug|Any CPU
		{E6D5BF0E-DE92-4D82-A352-EF04B37CB11C}.Release|Any CPU.ActiveCfg = Release|Any CPU
		{E6D5BF0E-DE92-4D82-A352-EF04B37CB11C}.Release|Any CPU.Build.0 = Release|Any CPU
		{1FE30EB9-74A9-47F5-A9F6-7B1FAB672D81}.Debug|Any CPU.ActiveCfg = Debug|Any CPU
		{1FE30EB9-74A9-47F5-A9F6-7B1FAB672D81}.Debug|Any CPU.Build.0 = Debug|Any CPU
		{1FE30EB9-74A9-47F5-A9F6-7B1FAB672D81}.Release|Any CPU.ActiveCfg = Release|Any CPU
		{1FE30EB9-74A9-47F5-A9F6-7B1FAB672D81}.Release|Any CPU.Build.0 = Release|Any CPU
		{91853F21-9CD9-4132-BC29-A7D5D84FFFE7}.Debug|Any CPU.ActiveCfg = Debug|Any CPU
		{91853F21-9CD9-4132-BC29-A7D5D84FFFE7}.Debug|Any CPU.Build.0 = Debug|Any CPU
		{91853F21-9CD9-4132-BC29-A7D5D84FFFE7}.Release|Any CPU.ActiveCfg = Release|Any CPU
		{91853F21-9CD9-4132-BC29-A7D5D84FFFE7}.Release|Any CPU.Build.0 = Release|Any CPU
		{E512F4D9-9375-480F-A2F6-A46509F9D824}.Debug|Any CPU.ActiveCfg = Debug|Any CPU
		{E512F4D9-9375-480F-A2F6-A46509F9D824}.Debug|Any CPU.Build.0 = Debug|Any CPU
		{E512F4D9-9375-480F-A2F6-A46509F9D824}.Release|Any CPU.ActiveCfg = Release|Any CPU
		{E512F4D9-9375-480F-A2F6-A46509F9D824}.Release|Any CPU.Build.0 = Release|Any CPU
		{EF480016-9127-4916-8735-D2466BDBC582}.Debug|Any CPU.ActiveCfg = Debug|Any CPU
		{EF480016-9127-4916-8735-D2466BDBC582}.Debug|Any CPU.Build.0 = Debug|Any CPU
		{EF480016-9127-4916-8735-D2466BDBC582}.Release|Any CPU.ActiveCfg = Release|Any CPU
		{EF480016-9127-4916-8735-D2466BDBC582}.Release|Any CPU.Build.0 = Release|Any CPU
		{AA94D832-1CCC-4715-95A9-A483F23A1A5D}.Debug|Any CPU.ActiveCfg = Debug|Any CPU
		{AA94D832-1CCC-4715-95A9-A483F23A1A5D}.Debug|Any CPU.Build.0 = Debug|Any CPU
		{AA94D832-1CCC-4715-95A9-A483F23A1A5D}.Release|Any CPU.ActiveCfg = Release|Any CPU
		{AA94D832-1CCC-4715-95A9-A483F23A1A5D}.Release|Any CPU.Build.0 = Release|Any CPU
		{AD91C9C8-FA4D-087E-63B3-001B71C75D7F}.Debug|Any CPU.ActiveCfg = Debug|Any CPU
		{AD91C9C8-FA4D-087E-63B3-001B71C75D7F}.Debug|Any CPU.Build.0 = Debug|Any CPU
		{AD91C9C8-FA4D-087E-63B3-001B71C75D7F}.Release|Any CPU.ActiveCfg = Release|Any CPU
		{AD91C9C8-FA4D-087E-63B3-001B71C75D7F}.Release|Any CPU.Build.0 = Release|Any CPU
		{E7696F30-961F-7A8B-F4F8-485C87BDF874}.Debug|Any CPU.ActiveCfg = Debug|Any CPU
		{E7696F30-961F-7A8B-F4F8-485C87BDF874}.Debug|Any CPU.Build.0 = Debug|Any CPU
		{E7696F30-961F-7A8B-F4F8-485C87BDF874}.Release|Any CPU.ActiveCfg = Release|Any CPU
		{E7696F30-961F-7A8B-F4F8-485C87BDF874}.Release|Any CPU.Build.0 = Release|Any CPU
		{38D7FEFC-1BF2-1B88-B37B-6DBBA28B9570}.Debug|Any CPU.ActiveCfg = Debug|Any CPU
		{38D7FEFC-1BF2-1B88-B37B-6DBBA28B9570}.Debug|Any CPU.Build.0 = Debug|Any CPU
		{38D7FEFC-1BF2-1B88-B37B-6DBBA28B9570}.Release|Any CPU.ActiveCfg = Release|Any CPU
		{38D7FEFC-1BF2-1B88-B37B-6DBBA28B9570}.Release|Any CPU.Build.0 = Release|Any CPU
		{27CB8770-A73B-34E9-14FD-3850F6E82AEF}.Debug|Any CPU.ActiveCfg = Debug|Any CPU
		{27CB8770-A73B-34E9-14FD-3850F6E82AEF}.Debug|Any CPU.Build.0 = Debug|Any CPU
		{27CB8770-A73B-34E9-14FD-3850F6E82AEF}.Release|Any CPU.ActiveCfg = Release|Any CPU
		{27CB8770-A73B-34E9-14FD-3850F6E82AEF}.Release|Any CPU.Build.0 = Release|Any CPU
		{0A73521F-7C9F-B3DA-E5B3-DBD7D53B5079}.Debug|Any CPU.ActiveCfg = Debug|Any CPU
		{0A73521F-7C9F-B3DA-E5B3-DBD7D53B5079}.Debug|Any CPU.Build.0 = Debug|Any CPU
		{0A73521F-7C9F-B3DA-E5B3-DBD7D53B5079}.Release|Any CPU.ActiveCfg = Release|Any CPU
		{0A73521F-7C9F-B3DA-E5B3-DBD7D53B5079}.Release|Any CPU.Build.0 = Release|Any CPU
		{2F1EE393-4450-74DF-F392-AB91C7719465}.Debug|Any CPU.ActiveCfg = Debug|Any CPU
		{2F1EE393-4450-74DF-F392-AB91C7719465}.Debug|Any CPU.Build.0 = Debug|Any CPU
		{2F1EE393-4450-74DF-F392-AB91C7719465}.Release|Any CPU.ActiveCfg = Release|Any CPU
		{2F1EE393-4450-74DF-F392-AB91C7719465}.Release|Any CPU.Build.0 = Release|Any CPU
		{B74948AE-8D80-6599-435F-BD3258CD44DD}.Debug|Any CPU.ActiveCfg = Debug|Any CPU
		{B74948AE-8D80-6599-435F-BD3258CD44DD}.Debug|Any CPU.Build.0 = Debug|Any CPU
		{B74948AE-8D80-6599-435F-BD3258CD44DD}.Release|Any CPU.ActiveCfg = Release|Any CPU
		{B74948AE-8D80-6599-435F-BD3258CD44DD}.Release|Any CPU.Build.0 = Release|Any CPU
	EndGlobalSection
	GlobalSection(SolutionProperties) = preSolution
		HideSolutionNode = FALSE
	EndGlobalSection
	GlobalSection(NestedProjects) = preSolution
		{554AD327-6DBA-4F8F-96F8-81CE7A0C863F} = {AC5710C1-DBB8-4C27-8F1B-A539F8ACDB0E}
		{1A94A50E-06DC-43C1-80B5-B662820EC3EB} = {809ED515-81D2-49AE-850F-931566DAD5DA}
		{C956DD76-69C8-4A9C-83EA-D17DF83340FD} = {EC73CF05-3760-4F11-9AB6-CB7FA451ABE0}
		{50B2631D-129C-47B3-A587-029CCD6099BC} = {B36207CB-E570-49D1-BD0D-774F52F2E52A}
		{42F719ED-8413-4895-B5B4-5AB56079BC66} = {AC5710C1-DBB8-4C27-8F1B-A539F8ACDB0E}
		{520659C8-C734-4298-A3DA-B539DB9DFC0B} = {809ED515-81D2-49AE-850F-931566DAD5DA}
		{4164BDF7-F527-4E85-9CE6-E3C2D7426A27} = {809ED515-81D2-49AE-850F-931566DAD5DA}
		{3B5A0094-670D-4BB1-BFDD-61B88A8773DC} = {809ED515-81D2-49AE-850F-931566DAD5DA}
		{073C361E-B8F4-49F5-93CC-72A3FF49C026} = {89B3F850-6505-4F2C-98B2-26C1CF76FC90}
		{E6D5BF0E-DE92-4D82-A352-EF04B37CB11C} = {809ED515-81D2-49AE-850F-931566DAD5DA}
		{1FE30EB9-74A9-47F5-A9F6-7B1FAB672D81} = {54A27DF2-DD36-40B6-8EA6-E509246D0E97}
		{91853F21-9CD9-4132-BC29-A7D5D84FFFE7} = {54A27DF2-DD36-40B6-8EA6-E509246D0E97}
		{E512F4D9-9375-480F-A2F6-A46509F9D824} = {B36207CB-E570-49D1-BD0D-774F52F2E52A}
		{EF480016-9127-4916-8735-D2466BDBC582} = {54A27DF2-DD36-40B6-8EA6-E509246D0E97}
		{AA94D832-1CCC-4715-95A9-A483F23A1A5D} = {EC73CF05-3760-4F11-9AB6-CB7FA451ABE0}
		{02EA681E-C7D8-13C7-8484-4AC65E1B71E8} = {CA9AC87F-097E-4F15-8393-4BC07735A5B0}
		{89B3F850-6505-4F2C-98B2-26C1CF76FC90} = {CA9AC87F-097E-4F15-8393-4BC07735A5B0}
		{0EE4CE52-5BA9-4B33-BBE5-88330BC79222} = {CA9AC87F-097E-4F15-8393-4BC07735A5B0}
		{EC73CF05-3760-4F11-9AB6-CB7FA451ABE0} = {0EE4CE52-5BA9-4B33-BBE5-88330BC79222}
		{AC5710C1-DBB8-4C27-8F1B-A539F8ACDB0E} = {0EE4CE52-5BA9-4B33-BBE5-88330BC79222}
		{809ED515-81D2-49AE-850F-931566DAD5DA} = {CA9AC87F-097E-4F15-8393-4BC07735A5B0}
		{AD91C9C8-FA4D-087E-63B3-001B71C75D7F} = {02EA681E-C7D8-13C7-8484-4AC65E1B71E8}
		{E7696F30-961F-7A8B-F4F8-485C87BDF874} = {02EA681E-C7D8-13C7-8484-4AC65E1B71E8}
		{38D7FEFC-1BF2-1B88-B37B-6DBBA28B9570} = {02EA681E-C7D8-13C7-8484-4AC65E1B71E8}
		{27CB8770-A73B-34E9-14FD-3850F6E82AEF} = {02EA681E-C7D8-13C7-8484-4AC65E1B71E8}
		{0A73521F-7C9F-B3DA-E5B3-DBD7D53B5079} = {02EA681E-C7D8-13C7-8484-4AC65E1B71E8}
		{B36207CB-E570-49D1-BD0D-774F52F2E52A} = {04DBDB01-70F4-4E06-B468-8F87850B22BE}
		{D01E6A5D-867D-48D7-9EAC-C4D3D698BCC4} = {04DBDB01-70F4-4E06-B468-8F87850B22BE}
		{2F1EE393-4450-74DF-F392-AB91C7719465} = {D01E6A5D-867D-48D7-9EAC-C4D3D698BCC4}
		{B74948AE-8D80-6599-435F-BD3258CD44DD} = {D01E6A5D-867D-48D7-9EAC-C4D3D698BCC4}
		{54A27DF2-DD36-40B6-8EA6-E509246D0E97} = {04DBDB01-70F4-4E06-B468-8F87850B22BE}
	EndGlobalSection
	GlobalSection(ExtensibilityGlobals) = postSolution
		SolutionGuid = {28315BFD-90E7-4E14-A2EA-F3D23AF4126F}
	EndGlobalSection
EndGlobal
